
Microsoft Visual Studio Solution File, Format Version 12.00
# Visual Studio Version 17
VisualStudioVersion = 17.0.31903.59
MinimumVisualStudioVersion = 10.0.40219.1
Project("{FAE04EC0-301F-11D3-BF4B-00C04F79EFBC}") = "ConsoleProject", "ConsoleProject\ConsoleProject.csproj", "{4A73A7D4-82CF-4522-AB4A-4D7ED459FFD7}"
EndProject
Project("{FAE04EC0-301F-11D3-BF4B-00C04F79EFBC}") = "BlazorProject", "WebProject\BlazorProject.csproj", "{FEAEBDD7-B868-4BC1-AE67-2D784E0F02D6}"
EndProject
Project("{FAE04EC0-301F-11D3-BF4B-00C04F79EFBC}") = "Data", "Data\Data.csproj", "{A8CD10B3-54A1-47E2-97C2-6B551A0524E7}"
EndProject
Global
	GlobalSection(SolutionConfigurationPlatforms) = preSolution
		Debug|Any CPU = Debug|Any CPU
		Release|Any CPU = Release|Any CPU
	EndGlobalSection
	GlobalSection(SolutionProperties) = preSolution
		HideSolutionNode = FALSE
	EndGlobalSection
	GlobalSection(ProjectConfigurationPlatforms) = postSolution
		{4A73A7D4-82CF-4522-AB4A-4D7ED459FFD7}.Debug|Any CPU.ActiveCfg = Debug|Any CPU
		{4A73A7D4-82CF-4522-AB4A-4D7ED459FFD7}.Debug|Any CPU.Build.0 = Debug|Any CPU
		{4A73A7D4-82CF-4522-AB4A-4D7ED459FFD7}.Release|Any CPU.ActiveCfg = Release|Any CPU
		{4A73A7D4-82CF-4522-AB4A-4D7ED459FFD7}.Release|Any CPU.Build.0 = Release|Any CPU
		{FEAEBDD7-B868-4BC1-AE67-2D784E0F02D6}.Debug|Any CPU.ActiveCfg = Debug|Any CPU
		{FEAEBDD7-B868-4BC1-AE67-2D784E0F02D6}.Debug|Any CPU.Build.0 = Debug|Any CPU
		{FEAEBDD7-B868-4BC1-AE67-2D784E0F02D6}.Release|Any CPU.ActiveCfg = Release|Any CPU
		{FEAEBDD7-B868-4BC1-AE67-2D784E0F02D6}.Release|Any CPU.Build.0 = Release|Any CPU
		{A8CD10B3-54A1-47E2-97C2-6B551A0524E7}.Debug|Any CPU.ActiveCfg = Debug|Any CPU
		{A8CD10B3-54A1-47E2-97C2-6B551A0524E7}.Debug|Any CPU.Build.0 = Debug|Any CPU
		{A8CD10B3-54A1-47E2-97C2-6B551A0524E7}.Release|Any CPU.ActiveCfg = Release|Any CPU
		{A8CD10B3-54A1-47E2-97C2-6B551A0524E7}.Release|Any CPU.Build.0 = Release|Any CPU
	EndGlobalSection
EndGlobal
